
Microsoft Visual Studio Solution File, Format Version 12.00
# Visual Studio Version 17
VisualStudioVersion = 17.12.35707.178
MinimumVisualStudioVersion = 10.0.40219.1
Project("{FAE04EC0-301F-11D3-BF4B-00C04F79EFBC}") = "HtmlPdfCliPlus", "HtmlPdfCliPlus\HtmlPdfCliPlus.csproj", "{FC3ADC8E-3C6B-4C5A-B625-6B419FEA53E3}"
EndProject
Project("{FAE04EC0-301F-11D3-BF4B-00C04F79EFBC}") = "HtmlPdfShrPlus", "HtmlPdfShrPlus\HtmlPdfShrPlus.csproj", "{BA5108FC-D4F7-42D4-A7DC-AAFD8B45C1F6}"
EndProject
Project("{FAE04EC0-301F-11D3-BF4B-00C04F79EFBC}") = "TestHtmlPdfPlus", "TestHtmlPdfCliPlus\TestHtmlPdfPlus.csproj", "{887ED686-9F77-493C-A0A5-80CE697025C2}"
EndProject
Project("{FAE04EC0-301F-11D3-BF4B-00C04F79EFBC}") = "HtmlPdfSrvPlus", "HtmlPdfSrvPlus\HtmlPdfSrvPlus.csproj", "{2C22909D-9A0E-443D-82A1-0B403CD26CF9}"
EndProject
Project("{2150E333-8FDC-42A3-9474-1A3956D46DE8}") = "Samples", "Samples", "{266603D0-608D-4207-89F0-BCE0AABDB0A5}"
EndProject
Project("{2150E333-8FDC-42A3-9474-1A3956D46DE8}") = "Tests", "Tests", "{ED148173-C3B1-478E-A38D-1F90CC1DB0D4}"
EndProject
Project("{FAE04EC0-301F-11D3-BF4B-00C04F79EFBC}") = "ConsoleHtmlToPdfPlus.OnlyAtServerV1", "..\samples\ConsoleHtmlToPdfPlus.OnlyAtServer\v1\ConsoleHtmlToPdfPlus.OnlyAtServerV1.csproj", "{CF7F88CF-60DB-4A6D-90C4-89D0E5762660}"
EndProject
Project("{FAE04EC0-301F-11D3-BF4B-00C04F79EFBC}") = "ConsoleHtmlToPdfPlus.OnlyAtServerV2", "..\samples\ConsoleHtmlToPdfPlus.OnlyAtServer\v2\ConsoleHtmlToPdfPlus.OnlyAtServerV2.csproj", "{35A2065E-8BCA-42F9-94E3-614700B72D4F}"
EndProject
Project("{FAE04EC0-301F-11D3-BF4B-00C04F79EFBC}") = "ConsoleHtmlToPdfPlus.OnlyAtServerRequestConfig", "..\samples\ConsoleHtmlToPdfPlus.OnlyAtServerRequestConfig\ConsoleHtmlToPdfPlus.OnlyAtServerRequestConfig.csproj", "{371B8491-6A15-4110-9D40-538AC3FBC38B}"
EndProject
Project("{FAE04EC0-301F-11D3-BF4B-00C04F79EFBC}") = "ConsoleHtmlToPdfPlus.ClientSendHttp", "..\samples\ConsoleHtmlToPdfPlus.ClientSendHttp\ConsoleHtmlToPdfPlus.ClientSendHttp.csproj", "{685909BC-FE72-4D1E-BBFA-5F216EBA10FF}"
EndProject
Project("{FAE04EC0-301F-11D3-BF4B-00C04F79EFBC}") = "WebHtmlToPdf.GenericServer", "..\samples\WebHtmlToPdf.GenericServer\WebHtmlToPdf.GenericServer.csproj", "{EFC7D734-660B-4F22-B9CC-7206826BDD2B}"
EndProject
Project("{FAE04EC0-301F-11D3-BF4B-00C04F79EFBC}") = "ConsoleHtmlToPdfPlus.ClientCustomSendHttp", "..\samples\ConsoleHtmlToPdfPlus.ClientCustomSendHttp\ConsoleHtmlToPdfPlus.ClientCustomSendHttp.csproj", "{DBD4BA57-0494-4E8F-A9EB-672BD9855229}"
EndProject
Project("{FAE04EC0-301F-11D3-BF4B-00C04F79EFBC}") = "WebHtmlToPdf.CustomSaveFileServer", "..\samples\WebHtmlToPdf.CustomSaveFileServer\WebHtmlToPdf.CustomSaveFileServer.csproj", "{891AC1A4-0E42-4ADD-BF31-1707541F3E50}"
EndProject
Project("{FAE04EC0-301F-11D3-BF4B-00C04F79EFBC}") = "ConsoleHtmlToPdfPlus.ClientSendTcp", "..\samples\ConsoleHtmlToPdfPlus.ClientSendTcp\ConsoleHtmlToPdfPlus.ClientSendTcp.csproj", "{CCD6E39C-00F8-4F62-8013-7248B8EE04CF}"
EndProject
Project("{FAE04EC0-301F-11D3-BF4B-00C04F79EFBC}") = "TcpServerHtmlToPdf.GenericServer", "..\samples\TcpServerHtmlToPdf.GenericServer\TcpServerHtmlToPdf.GenericServer.csproj", "{A804B249-F62B-438F-B767-3BF6FE61B54D}"
EndProject
Project("{2150E333-8FDC-42A3-9474-1A3956D46DE8}") = "Docs", "Docs", "{501D5A85-0D42-4552-A312-5BC766C94607}"
	ProjectSection(SolutionItems) = preProject
		..\README.md = ..\README.md
		..\docs\swimlanes.io.AnyProcess.txt = ..\docs\swimlanes.io.AnyProcess.txt
		..\docs\swimlanes.io.http.txt = ..\docs\swimlanes.io.http.txt
		..\docs\swimlanes.io.OnlyServer.txt = ..\docs\swimlanes.io.OnlyServer.txt
	EndProjectSection
EndProject
Global
	GlobalSection(SolutionConfigurationPlatforms) = preSolution
		Debug|Any CPU = Debug|Any CPU
		Release|Any CPU = Release|Any CPU
	EndGlobalSection
	GlobalSection(ProjectConfigurationPlatforms) = postSolution
		{FC3ADC8E-3C6B-4C5A-B625-6B419FEA53E3}.Debug|Any CPU.ActiveCfg = Debug|Any CPU
		{FC3ADC8E-3C6B-4C5A-B625-6B419FEA53E3}.Debug|Any CPU.Build.0 = Debug|Any CPU
		{FC3ADC8E-3C6B-4C5A-B625-6B419FEA53E3}.Release|Any CPU.ActiveCfg = Release|Any CPU
		{FC3ADC8E-3C6B-4C5A-B625-6B419FEA53E3}.Release|Any CPU.Build.0 = Release|Any CPU
		{BA5108FC-D4F7-42D4-A7DC-AAFD8B45C1F6}.Debug|Any CPU.ActiveCfg = Debug|Any CPU
		{BA5108FC-D4F7-42D4-A7DC-AAFD8B45C1F6}.Debug|Any CPU.Build.0 = Debug|Any CPU
		{BA5108FC-D4F7-42D4-A7DC-AAFD8B45C1F6}.Release|Any CPU.ActiveCfg = Release|Any CPU
		{BA5108FC-D4F7-42D4-A7DC-AAFD8B45C1F6}.Release|Any CPU.Build.0 = Release|Any CPU
		{887ED686-9F77-493C-A0A5-80CE697025C2}.Debug|Any CPU.ActiveCfg = Debug|Any CPU
		{887ED686-9F77-493C-A0A5-80CE697025C2}.Debug|Any CPU.Build.0 = Debug|Any CPU
		{887ED686-9F77-493C-A0A5-80CE697025C2}.Release|Any CPU.ActiveCfg = Release|Any CPU
		{887ED686-9F77-493C-A0A5-80CE697025C2}.Release|Any CPU.Build.0 = Release|Any CPU
		{2C22909D-9A0E-443D-82A1-0B403CD26CF9}.Debug|Any CPU.ActiveCfg = Debug|Any CPU
		{2C22909D-9A0E-443D-82A1-0B403CD26CF9}.Debug|Any CPU.Build.0 = Debug|Any CPU
		{2C22909D-9A0E-443D-82A1-0B403CD26CF9}.Release|Any CPU.ActiveCfg = Release|Any CPU
		{2C22909D-9A0E-443D-82A1-0B403CD26CF9}.Release|Any CPU.Build.0 = Release|Any CPU
		{CF7F88CF-60DB-4A6D-90C4-89D0E5762660}.Debug|Any CPU.ActiveCfg = Debug|Any CPU
		{CF7F88CF-60DB-4A6D-90C4-89D0E5762660}.Debug|Any CPU.Build.0 = Debug|Any CPU
		{CF7F88CF-60DB-4A6D-90C4-89D0E5762660}.Release|Any CPU.ActiveCfg = Release|Any CPU
		{CF7F88CF-60DB-4A6D-90C4-89D0E5762660}.Release|Any CPU.Build.0 = Release|Any CPU
		{35A2065E-8BCA-42F9-94E3-614700B72D4F}.Debug|Any CPU.ActiveCfg = Debug|Any CPU
		{35A2065E-8BCA-42F9-94E3-614700B72D4F}.Debug|Any CPU.Build.0 = Debug|Any CPU
		{35A2065E-8BCA-42F9-94E3-614700B72D4F}.Release|Any CPU.ActiveCfg = Release|Any CPU
		{35A2065E-8BCA-42F9-94E3-614700B72D4F}.Release|Any CPU.Build.0 = Release|Any CPU
		{371B8491-6A15-4110-9D40-538AC3FBC38B}.Debug|Any CPU.ActiveCfg = Debug|Any CPU
		{371B8491-6A15-4110-9D40-538AC3FBC38B}.Debug|Any CPU.Build.0 = Debug|Any CPU
		{371B8491-6A15-4110-9D40-538AC3FBC38B}.Release|Any CPU.ActiveCfg = Release|Any CPU
		{371B8491-6A15-4110-9D40-538AC3FBC38B}.Release|Any CPU.Build.0 = Release|Any CPU
		{685909BC-FE72-4D1E-BBFA-5F216EBA10FF}.Debug|Any CPU.ActiveCfg = Debug|Any CPU
		{685909BC-FE72-4D1E-BBFA-5F216EBA10FF}.Debug|Any CPU.Build.0 = Debug|Any CPU
		{685909BC-FE72-4D1E-BBFA-5F216EBA10FF}.Release|Any CPU.ActiveCfg = Release|Any CPU
		{685909BC-FE72-4D1E-BBFA-5F216EBA10FF}.Release|Any CPU.Build.0 = Release|Any CPU
		{EFC7D734-660B-4F22-B9CC-7206826BDD2B}.Debug|Any CPU.ActiveCfg = Debug|Any CPU
		{EFC7D734-660B-4F22-B9CC-7206826BDD2B}.Debug|Any CPU.Build.0 = Debug|Any CPU
		{EFC7D734-660B-4F22-B9CC-7206826BDD2B}.Release|Any CPU.ActiveCfg = Release|Any CPU
		{EFC7D734-660B-4F22-B9CC-7206826BDD2B}.Release|Any CPU.Build.0 = Release|Any CPU
		{DBD4BA57-0494-4E8F-A9EB-672BD9855229}.Debug|Any CPU.ActiveCfg = Debug|Any CPU
		{DBD4BA57-0494-4E8F-A9EB-672BD9855229}.Debug|Any CPU.Build.0 = Debug|Any CPU
		{DBD4BA57-0494-4E8F-A9EB-672BD9855229}.Release|Any CPU.ActiveCfg = Release|Any CPU
		{DBD4BA57-0494-4E8F-A9EB-672BD9855229}.Release|Any CPU.Build.0 = Release|Any CPU
		{891AC1A4-0E42-4ADD-BF31-1707541F3E50}.Debug|Any CPU.ActiveCfg = Debug|Any CPU
		{891AC1A4-0E42-4ADD-BF31-1707541F3E50}.Debug|Any CPU.Build.0 = Debug|Any CPU
		{891AC1A4-0E42-4ADD-BF31-1707541F3E50}.Release|Any CPU.ActiveCfg = Release|Any CPU
		{891AC1A4-0E42-4ADD-BF31-1707541F3E50}.Release|Any CPU.Build.0 = Release|Any CPU
		{CCD6E39C-00F8-4F62-8013-7248B8EE04CF}.Debug|Any CPU.ActiveCfg = Debug|Any CPU
		{CCD6E39C-00F8-4F62-8013-7248B8EE04CF}.Debug|Any CPU.Build.0 = Debug|Any CPU
		{CCD6E39C-00F8-4F62-8013-7248B8EE04CF}.Release|Any CPU.ActiveCfg = Release|Any CPU
		{CCD6E39C-00F8-4F62-8013-7248B8EE04CF}.Release|Any CPU.Build.0 = Release|Any CPU
		{A804B249-F62B-438F-B767-3BF6FE61B54D}.Debug|Any CPU.ActiveCfg = Debug|Any CPU
		{A804B249-F62B-438F-B767-3BF6FE61B54D}.Debug|Any CPU.Build.0 = Debug|Any CPU
		{A804B249-F62B-438F-B767-3BF6FE61B54D}.Release|Any CPU.ActiveCfg = Release|Any CPU
		{A804B249-F62B-438F-B767-3BF6FE61B54D}.Release|Any CPU.Build.0 = Release|Any CPU
	EndGlobalSection
	GlobalSection(SolutionProperties) = preSolution
		HideSolutionNode = FALSE
	EndGlobalSection
	GlobalSection(NestedProjects) = preSolution
		{887ED686-9F77-493C-A0A5-80CE697025C2} = {ED148173-C3B1-478E-A38D-1F90CC1DB0D4}
		{CF7F88CF-60DB-4A6D-90C4-89D0E5762660} = {266603D0-608D-4207-89F0-BCE0AABDB0A5}
		{35A2065E-8BCA-42F9-94E3-614700B72D4F} = {266603D0-608D-4207-89F0-BCE0AABDB0A5}
		{371B8491-6A15-4110-9D40-538AC3FBC38B} = {266603D0-608D-4207-89F0-BCE0AABDB0A5}
		{685909BC-FE72-4D1E-BBFA-5F216EBA10FF} = {266603D0-608D-4207-89F0-BCE0AABDB0A5}
		{EFC7D734-660B-4F22-B9CC-7206826BDD2B} = {266603D0-608D-4207-89F0-BCE0AABDB0A5}
		{DBD4BA57-0494-4E8F-A9EB-672BD9855229} = {266603D0-608D-4207-89F0-BCE0AABDB0A5}
		{891AC1A4-0E42-4ADD-BF31-1707541F3E50} = {266603D0-608D-4207-89F0-BCE0AABDB0A5}
		{CCD6E39C-00F8-4F62-8013-7248B8EE04CF} = {266603D0-608D-4207-89F0-BCE0AABDB0A5}
		{A804B249-F62B-438F-B767-3BF6FE61B54D} = {266603D0-608D-4207-89F0-BCE0AABDB0A5}
	EndGlobalSection
EndGlobal
